{
  "version": 4,
  "terraform_version": "0.12.8",
  "serial": 3,
  "lineage": "afa445cc-72f6-6649-f44a-c3b1166e3358",
  "outputs": {
    "public_ip": {
      "value": [
        null
      ],
      "type": [
        "tuple",
        [
          "dynamic"
        ]
      ]
    },
    "public_ip_master": {
      "value": [
        null
      ],
      "type": [
        "tuple",
        [
          "dynamic"
        ]
      ]
    },
    "public_ip_slave": {
      "value": [
        null
      ],
      "type": [
        "tuple",
        [
          "dynamic"
        ]
      ]
    }
  },
  "resources": [
    {
      "mode": "managed",
      "type": "google_compute_firewall",
      "name": "www",
      "provider": "provider.google",
      "instances": [
        {
          "schema_version": 1,
          "attributes": {
            "allow": [
              {
                "ports": [
                  "8080",
                  "443"
                ],
                "protocol": "tcp"
              }
            ],
            "creation_timestamp": "2020-05-12T12:20:01.988-07:00",
            "deny": [],
            "description": "",
            "destination_ranges": [],
            "direction": "INGRESS",
            "disabled": false,
            "enable_logging": false,
            "id": "projects/gcp-jenkins-project/global/firewalls/tf-www-firewall",
            "name": "tf-www-firewall",
            "network": "https://www.googleapis.com/compute/v1/projects/gcp-jenkins-project/global/networks/default",
            "priority": 1000,
            "project": "gcp-jenkins-project",
            "self_link": "https://www.googleapis.com/compute/v1/projects/gcp-jenkins-project/global/firewalls/tf-www-firewall",
            "source_ranges": [
              "0.0.0.0/0"
            ],
            "source_service_accounts": null,
            "source_tags": null,
            "target_service_accounts": null,
            "target_tags": null,
            "timeouts": null
          },
          "private": "eyJlMmJmYjczMC1lY2FhLTExZTYtOGY4OC0zNDM2M2JjN2M0YzAiOnsiY3JlYXRlIjoyNDAwMDAwMDAwMDAsImRlbGV0ZSI6MjQwMDAwMDAwMDAwLCJ1cGRhdGUiOjI0MDAwMDAwMDAwMH0sInNjaGVtYV92ZXJzaW9uIjoiMSJ9"
        }
      ]
    }
  ]
}
