{
  "version": 4,
  "terraform_version": "0.12.8",
  "serial": 6,
  "lineage": "afa445cc-72f6-6649-f44a-c3b1166e3358",
  "outputs": {
    "public_ip": {
      "value": [
        [
          "34.89.39.210"
        ]
      ],
      "type": [
        "tuple",
        [
          [
            "tuple",
            [
              "string"
            ]
          ]
        ]
      ]
    },
    "public_ip_master": {
      "value": [
        [
          "34.89.39.210"
        ]
      ],
      "type": [
        "tuple",
        [
          [
            "tuple",
            [
              "string"
            ]
          ]
        ]
      ]
    },
    "public_ip_slave": {
      "value": [
        [
          "35.246.27.128"
        ]
      ],
      "type": [
        "tuple",
        [
          [
            "tuple",
            [
              "string"
            ]
          ]
        ]
      ]
    }
  },
  "resources": [
    {
      "mode": "managed",
      "type": "google_compute_firewall",
      "name": "www",
      "provider": "provider.google",
      "instances": [
        {
          "schema_version": 1,
          "attributes": {
            "allow": [
              {
                "ports": [
                  "8080",
                  "443"
                ],
                "protocol": "tcp"
              }
            ],
            "creation_timestamp": "2020-05-12T12:20:01.988-07:00",
            "deny": [],
            "description": "",
            "destination_ranges": [],
            "direction": "INGRESS",
            "disabled": false,
            "enable_logging": false,
            "id": "projects/gcp-jenkins-project/global/firewalls/tf-www-firewall",
            "name": "tf-www-firewall",
            "network": "https://www.googleapis.com/compute/v1/projects/gcp-jenkins-project/global/networks/default",
            "priority": 1000,
            "project": "gcp-jenkins-project",
            "self_link": "https://www.googleapis.com/compute/v1/projects/gcp-jenkins-project/global/firewalls/tf-www-firewall",
            "source_ranges": [
              "0.0.0.0/0"
            ],
            "source_service_accounts": [],
            "source_tags": [],
            "target_service_accounts": [],
            "target_tags": [],
            "timeouts": null
          },
          "private": "eyJlMmJmYjczMC1lY2FhLTExZTYtOGY4OC0zNDM2M2JjN2M0YzAiOnsiY3JlYXRlIjoyNDAwMDAwMDAwMDAsImRlbGV0ZSI6MjQwMDAwMDAwMDAwLCJ1cGRhdGUiOjI0MDAwMDAwMDAwMH0sInNjaGVtYV92ZXJzaW9uIjoiMSJ9"
        }
      ]
    },
    {
      "mode": "managed",
      "type": "google_compute_instance",
      "name": "jenkins-master-1",
      "provider": "provider.google",
      "instances": [
        {
          "schema_version": 6,
          "attributes": {
            "allow_stopping_for_update": null,
            "attached_disk": [],
            "boot_disk": [
              {
                "auto_delete": true,
                "device_name": "persistent-disk-0",
                "disk_encryption_key_raw": "",
                "disk_encryption_key_sha256": "",
                "initialize_params": [
                  {
                    "image": "https://www.googleapis.com/compute/v1/projects/ubuntu-os-cloud/global/images/ubuntu-1804-bionic-v20200430",
                    "labels": {},
                    "size": 10,
                    "type": "pd-standard"
                  }
                ],
                "kms_key_self_link": "",
                "mode": "READ_WRITE",
                "source": "https://www.googleapis.com/compute/v1/projects/gcp-jenkins-project/zones/europe-west2-a/disks/jenkins-master-1"
              }
            ],
            "can_ip_forward": false,
            "cpu_platform": "Intel Broadwell",
            "current_status": "RUNNING",
            "deletion_protection": false,
            "description": "",
            "desired_status": null,
            "enable_display": false,
            "guest_accelerator": [],
            "hostname": "",
            "id": "projects/gcp-jenkins-project/zones/europe-west2-a/instances/jenkins-master-1",
            "instance_id": "5591553474532163862",
            "label_fingerprint": "42WmSpB8rSM=",
            "labels": null,
            "machine_type": "f1-micro",
            "metadata": {
              "sshKeys": "ubuntu:ssh-rsa AAAAB3NzaC1yc2EAAAADAQABAAABAQD0GlWso4dwpjRnDynPGsnlMFKsMRylk4YZDUthTW+rqzZXU8CxYMudyKq9XqKByHBWYQk1qUL61i+wb0helMNrinhSyJVSq+nPxgDpDs4XcLopRAJMlLapuIvsCwURR5TCUypLjAhKyQj44V3yLop79QS4Azxf1SIAezCz0JjBD/wDk8+vl67ly2B5J7Wkq6dnB4QVSKQ2VXbkqSY5mptrvmgsogaNivCylKK7gcTRhcL2FYfK1WPL05t6XmpyLKZenMIN98hWMc2DB59qDHLcVhOfNVv1hu4TMJY7VFqa0A1ze27Kix3O2Kyd14lYTPfyZVkOltLp3kd5rpo2AF4D cwills@cwillss-MBP.frinkbuster.net\n"
            },
            "metadata_fingerprint": "JVMk3feCRFo=",
            "metadata_startup_script": "apt install -y update\napt install -y docker.io\nsystemctl enable docker\nsystemctl start docker\ndocker pull jenkins\ndocker run -d -p 8080:8080 -p 50000:50000 --name master-1 docker pull willsgft/jenkins-master \nwget https://raw.githubusercontent.com/eficode/wait-for/master/wait-for -P /tmp\nchmod +x /tmp/wait-for\n/bin/sh /tmp/wait-for localhost:8080 -t 90\nsleep 90\ni=`hostname --ip-address`\nf=`docker exec -i master-1 bash -c 'java -jar /tmp/jenkins-cli.jar -s http://localhost:8080 -remoting groovy /tmp/findkey --username admin --password admin'`\necho $f \u003e /tmp/checkf\ncurl -k -H \"Content-Type: application/json\" -X POST -d '{\"ip\":\"$i\"}{\"secret\":\"$f\"} https://meeiot.org/put/58e6b7371ffe6c91c34560f0400a8f45212f370a0f863dee7ebf4a/jenkins\n",
            "min_cpu_platform": "",
            "name": "jenkins-master-1",
            "network_interface": [
              {
                "access_config": [
                  {
                    "nat_ip": "34.89.39.210",
                    "network_tier": "PREMIUM",
                    "public_ptr_domain_name": ""
                  }
                ],
                "alias_ip_range": [],
                "name": "nic0",
                "network": "https://www.googleapis.com/compute/v1/projects/gcp-jenkins-project/global/networks/default",
                "network_ip": "10.154.0.4",
                "subnetwork": "https://www.googleapis.com/compute/v1/projects/gcp-jenkins-project/regions/europe-west2/subnetworks/default",
                "subnetwork_project": "gcp-jenkins-project"
              }
            ],
            "project": "gcp-jenkins-project",
            "resource_policies": null,
            "scheduling": [
              {
                "automatic_restart": true,
                "node_affinities": [],
                "on_host_maintenance": "MIGRATE",
                "preemptible": false
              }
            ],
            "scratch_disk": [],
            "self_link": "https://www.googleapis.com/compute/v1/projects/gcp-jenkins-project/zones/europe-west2-a/instances/jenkins-master-1",
            "service_account": [
              {
                "email": "1069632881961-compute@developer.gserviceaccount.com",
                "scopes": [
                  "https://www.googleapis.com/auth/compute.readonly",
                  "https://www.googleapis.com/auth/devstorage.read_only",
                  "https://www.googleapis.com/auth/userinfo.email"
                ]
              }
            ],
            "shielded_instance_config": [
              {
                "enable_integrity_monitoring": true,
                "enable_secure_boot": false,
                "enable_vtpm": true
              }
            ],
            "tags": [
              "jenkins"
            ],
            "tags_fingerprint": "4l7--0t2PzY=",
            "timeouts": null,
            "zone": "europe-west2-a"
          },
          "private": "eyJlMmJmYjczMC1lY2FhLTExZTYtOGY4OC0zNDM2M2JjN2M0YzAiOnsiY3JlYXRlIjoxMjAwMDAwMDAwMDAwLCJkZWxldGUiOjEyMDAwMDAwMDAwMDAsInVwZGF0ZSI6MTIwMDAwMDAwMDAwMH0sInNjaGVtYV92ZXJzaW9uIjoiNiJ9"
        }
      ]
    },
    {
      "mode": "managed",
      "type": "google_compute_instance",
      "name": "jenkins-slave-1",
      "provider": "provider.google",
      "instances": [
        {
          "schema_version": 6,
          "attributes": {
            "allow_stopping_for_update": null,
            "attached_disk": [],
            "boot_disk": [
              {
                "auto_delete": true,
                "device_name": "persistent-disk-0",
                "disk_encryption_key_raw": "",
                "disk_encryption_key_sha256": "",
                "initialize_params": [
                  {
                    "image": "https://www.googleapis.com/compute/v1/projects/ubuntu-os-cloud/global/images/ubuntu-1804-bionic-v20200430",
                    "labels": {},
                    "size": 10,
                    "type": "pd-standard"
                  }
                ],
                "kms_key_self_link": "",
                "mode": "READ_WRITE",
                "source": "https://www.googleapis.com/compute/v1/projects/gcp-jenkins-project/zones/europe-west2-a/disks/jenkins-slave-1"
              }
            ],
            "can_ip_forward": false,
            "cpu_platform": "Intel Broadwell",
            "current_status": "RUNNING",
            "deletion_protection": false,
            "description": "",
            "desired_status": null,
            "enable_display": false,
            "guest_accelerator": [],
            "hostname": "",
            "id": "projects/gcp-jenkins-project/zones/europe-west2-a/instances/jenkins-slave-1",
            "instance_id": "958055615015895318",
            "label_fingerprint": "42WmSpB8rSM=",
            "labels": null,
            "machine_type": "f1-micro",
            "metadata": {
              "sshKeys": "ubuntu:ssh-rsa AAAAB3NzaC1yc2EAAAADAQABAAABAQD0GlWso4dwpjRnDynPGsnlMFKsMRylk4YZDUthTW+rqzZXU8CxYMudyKq9XqKByHBWYQk1qUL61i+wb0helMNrinhSyJVSq+nPxgDpDs4XcLopRAJMlLapuIvsCwURR5TCUypLjAhKyQj44V3yLop79QS4Azxf1SIAezCz0JjBD/wDk8+vl67ly2B5J7Wkq6dnB4QVSKQ2VXbkqSY5mptrvmgsogaNivCylKK7gcTRhcL2FYfK1WPL05t6XmpyLKZenMIN98hWMc2DB59qDHLcVhOfNVv1hu4TMJY7VFqa0A1ze27Kix3O2Kyd14lYTPfyZVkOltLp3kd5rpo2AF4D cwills@cwillss-MBP.frinkbuster.net\n"
            },
            "metadata_fingerprint": "HIpz-ENgB9Q=",
            "metadata_startup_script": "apt install -y update\napt install -y docker.io\nsystemctl enable docker\nsystemctl start docker\ndocker pull jenkinsci/jnlp-slave\nsleep 120\n\ncurl  https://meeiot.org/get/58e6b7371ffe6c91c34560f0400a8f45212f370a0f863dee7ebf4a/jenkins \u003e\u003e /tmp/jenkins.out\ncat /tmp/jenkins.out |grep -E -o \"([0-9]{1,3}[.]){3}[0-9]{1,3}\" \u003e /tmp/ip.address\ncat /tmp/jenkins.out |cut -d':' -f 3 | sed 's/\"}//g' |sed 's/\"//g'  \u003e /tmp/secret\nipaddress=`cat /tmp/ip.address`\nsecret=`cat /tmp/secret`\ndocker run -d --name jenkins-slave1 jenkinsci/jnlp-slave -url http://$ipaddress:8080 $secret slave-1\n",
            "min_cpu_platform": "",
            "name": "jenkins-slave-1",
            "network_interface": [
              {
                "access_config": [
                  {
                    "nat_ip": "35.246.27.128",
                    "network_tier": "PREMIUM",
                    "public_ptr_domain_name": ""
                  }
                ],
                "alias_ip_range": [],
                "name": "nic0",
                "network": "https://www.googleapis.com/compute/v1/projects/gcp-jenkins-project/global/networks/default",
                "network_ip": "10.154.0.5",
                "subnetwork": "https://www.googleapis.com/compute/v1/projects/gcp-jenkins-project/regions/europe-west2/subnetworks/default",
                "subnetwork_project": "gcp-jenkins-project"
              }
            ],
            "project": "gcp-jenkins-project",
            "resource_policies": null,
            "scheduling": [
              {
                "automatic_restart": true,
                "node_affinities": [],
                "on_host_maintenance": "MIGRATE",
                "preemptible": false
              }
            ],
            "scratch_disk": [],
            "self_link": "https://www.googleapis.com/compute/v1/projects/gcp-jenkins-project/zones/europe-west2-a/instances/jenkins-slave-1",
            "service_account": [
              {
                "email": "1069632881961-compute@developer.gserviceaccount.com",
                "scopes": [
                  "https://www.googleapis.com/auth/compute.readonly",
                  "https://www.googleapis.com/auth/devstorage.read_only",
                  "https://www.googleapis.com/auth/userinfo.email"
                ]
              }
            ],
            "shielded_instance_config": [
              {
                "enable_integrity_monitoring": true,
                "enable_secure_boot": false,
                "enable_vtpm": true
              }
            ],
            "tags": [
              "jenkins"
            ],
            "tags_fingerprint": "4l7--0t2PzY=",
            "timeouts": null,
            "zone": "europe-west2-a"
          },
          "private": "eyJlMmJmYjczMC1lY2FhLTExZTYtOGY4OC0zNDM2M2JjN2M0YzAiOnsiY3JlYXRlIjoxMjAwMDAwMDAwMDAwLCJkZWxldGUiOjEyMDAwMDAwMDAwMDAsInVwZGF0ZSI6MTIwMDAwMDAwMDAwMH0sInNjaGVtYV92ZXJzaW9uIjoiNiJ9"
        }
      ]
    }
  ]
}
